// !$*UTF8*$!
{
	archiveVersion = 1;
	classes = {
	};
	objectVersion = 46;
	objects = {

/* Begin PBXBuildFile section */
		FA1FA155147B494E00A46FF6 /* SyncObject.m in Sources */ = {isa = PBXBuildFile; fileRef = FA1FA154147B494E00A46FF6 /* SyncObject.m */; };
		FA1FA1581481D80900A46FF6 /* PullSyncObject.m in Sources */ = {isa = PBXBuildFile; fileRef = FA1FA1571481D80900A46FF6 /* PullSyncObject.m */; };
		FA1FA15B148557C100A46FF6 /* RankedArticlesVC.m in Sources */ = {isa = PBXBuildFile; fileRef = FA1FA15A148557C100A46FF6 /* RankedArticlesVC.m */; };
		FA1FA15D14855E2300A46FF6 /* RankedArticles.xib in Resources */ = {isa = PBXBuildFile; fileRef = FA1FA15C14855E2300A46FF6 /* RankedArticles.xib */; };
		FA39CCB91471734A00353E73 /* Parse.framework in Frameworks */ = {isa = PBXBuildFile; fileRef = FA39CCB81471734A00353E73 /* Parse.framework */; };
		FA3EC49A148BFEB900F209AD /* PullRefreshTableViewController.m in Sources */ = {isa = PBXBuildFile; fileRef = FA3EC499148BFEB900F209AD /* PullRefreshTableViewController.m */; };
		FA3EC49C148C00A800F209AD /* arrow.png in Resources */ = {isa = PBXBuildFile; fileRef = FA3EC49B148C00A800F209AD /* arrow.png */; };
		FA3EC49F148C700B00F209AD /* star_unfilled_resized.png in Resources */ = {isa = PBXBuildFile; fileRef = FA3EC49D148C700B00F209AD /* star_unfilled_resized.png */; };
		FA3EC4A0148C700B00F209AD /* star_filled_resized.png in Resources */ = {isa = PBXBuildFile; fileRef = FA3EC49E148C700B00F209AD /* star_filled_resized.png */; };
		FA3EC4A2148C703200F209AD /* Aa Icon.png in Resources */ = {isa = PBXBuildFile; fileRef = FA3EC4A1148C703200F209AD /* Aa Icon.png */; };
		FA3EC4A5148C7C5000F209AD /* RankedCell.m in Sources */ = {isa = PBXBuildFile; fileRef = FA3EC4A4148C7C4F00F209AD /* RankedCell.m */; };
		FA570AF514297719002A285B /* UIKit.framework in Frameworks */ = {isa = PBXBuildFile; fileRef = FA570AF414297719002A285B /* UIKit.framework */; };
		FA570AF714297719002A285B /* Foundation.framework in Frameworks */ = {isa = PBXBuildFile; fileRef = FA570AF614297719002A285B /* Foundation.framework */; };
		FA570AF914297719002A285B /* CoreGraphics.framework in Frameworks */ = {isa = PBXBuildFile; fileRef = FA570AF814297719002A285B /* CoreGraphics.framework */; };
		FA570AFF14297719002A285B /* InfoPlist.strings in Resources */ = {isa = PBXBuildFile; fileRef = FA570AFD14297719002A285B /* InfoPlist.strings */; };
		FA570B0114297719002A285B /* main.m in Sources */ = {isa = PBXBuildFile; fileRef = FA570B0014297719002A285B /* main.m */; };
		FA570B0514297719002A285B /* TweaderTabsAppDelegate.m in Sources */ = {isa = PBXBuildFile; fileRef = FA570B0414297719002A285B /* TweaderTabsAppDelegate.m */; };
		FA570B0814297719002A285B /* MainWindow.xib in Resources */ = {isa = PBXBuildFile; fileRef = FA570B0614297719002A285B /* MainWindow.xib */; };
		FA570B0B14297719002A285B /* FirstViewController.m in Sources */ = {isa = PBXBuildFile; fileRef = FA570B0A14297719002A285B /* FirstViewController.m */; };
		FA570B0E14297719002A285B /* SecondViewController.m in Sources */ = {isa = PBXBuildFile; fileRef = FA570B0D14297719002A285B /* SecondViewController.m */; };
		FA570B111429771A002A285B /* SecondView.xib in Resources */ = {isa = PBXBuildFile; fileRef = FA570B0F1429771A002A285B /* SecondView.xib */; };
		FA570B141429771A002A285B /* FirstView.xib in Resources */ = {isa = PBXBuildFile; fileRef = FA570B121429771A002A285B /* FirstView.xib */; };
		FA570B1C1429771A002A285B /* SenTestingKit.framework in Frameworks */ = {isa = PBXBuildFile; fileRef = FA570B1B1429771A002A285B /* SenTestingKit.framework */; };
		FA570B1D1429771A002A285B /* UIKit.framework in Frameworks */ = {isa = PBXBuildFile; fileRef = FA570AF414297719002A285B /* UIKit.framework */; };
		FA570B1E1429771A002A285B /* Foundation.framework in Frameworks */ = {isa = PBXBuildFile; fileRef = FA570AF614297719002A285B /* Foundation.framework */; };
		FA570B1F1429771A002A285B /* CoreGraphics.framework in Frameworks */ = {isa = PBXBuildFile; fileRef = FA570AF814297719002A285B /* CoreGraphics.framework */; };
		FA570B271429771A002A285B /* InfoPlist.strings in Resources */ = {isa = PBXBuildFile; fileRef = FA570B251429771A002A285B /* InfoPlist.strings */; };
		FA570B291429771A002A285B /* TweaderTabsTests.h in Resources */ = {isa = PBXBuildFile; fileRef = FA570B281429771A002A285B /* TweaderTabsTests.h */; };
		FA570B2B1429771A002A285B /* TweaderTabsTests.m in Sources */ = {isa = PBXBuildFile; fileRef = FA570B2A1429771A002A285B /* TweaderTabsTests.m */; };
		FA623B6B1485AE300030E1CC /* NSObject+SBJson.m in Sources */ = {isa = PBXBuildFile; fileRef = FA623B531485AE300030E1CC /* NSObject+SBJson.m */; };
		FA623B6C1485AE300030E1CC /* SBJsonParser.m in Sources */ = {isa = PBXBuildFile; fileRef = FA623B561485AE300030E1CC /* SBJsonParser.m */; };
		FA623B6D1485AE300030E1CC /* SBJsonStreamParser.m in Sources */ = {isa = PBXBuildFile; fileRef = FA623B581485AE300030E1CC /* SBJsonStreamParser.m */; };
		FA623B6E1485AE300030E1CC /* SBJsonStreamParserAccumulator.m in Sources */ = {isa = PBXBuildFile; fileRef = FA623B5A1485AE300030E1CC /* SBJsonStreamParserAccumulator.m */; };
		FA623B6F1485AE300030E1CC /* SBJsonStreamParserAdapter.m in Sources */ = {isa = PBXBuildFile; fileRef = FA623B5C1485AE300030E1CC /* SBJsonStreamParserAdapter.m */; };
		FA623B701485AE300030E1CC /* SBJsonStreamParserState.m in Sources */ = {isa = PBXBuildFile; fileRef = FA623B5E1485AE300030E1CC /* SBJsonStreamParserState.m */; };
		FA623B711485AE300030E1CC /* SBJsonStreamWriter.m in Sources */ = {isa = PBXBuildFile; fileRef = FA623B601485AE300030E1CC /* SBJsonStreamWriter.m */; };
		FA623B721485AE300030E1CC /* SBJsonStreamWriterAccumulator.m in Sources */ = {isa = PBXBuildFile; fileRef = FA623B621485AE300030E1CC /* SBJsonStreamWriterAccumulator.m */; };
		FA623B731485AE300030E1CC /* SBJsonStreamWriterState.m in Sources */ = {isa = PBXBuildFile; fileRef = FA623B641485AE300030E1CC /* SBJsonStreamWriterState.m */; };
		FA623B741485AE300030E1CC /* SBJsonTokeniser.m in Sources */ = {isa = PBXBuildFile; fileRef = FA623B661485AE300030E1CC /* SBJsonTokeniser.m */; };
		FA623B751485AE300030E1CC /* SBJsonUTF8Stream.m in Sources */ = {isa = PBXBuildFile; fileRef = FA623B681485AE300030E1CC /* SBJsonUTF8Stream.m */; };
		FA623B761485AE300030E1CC /* SBJsonWriter.m in Sources */ = {isa = PBXBuildFile; fileRef = FA623B6A1485AE300030E1CC /* SBJsonWriter.m */; };
		FA7D97321463984E00CB6117 /* QuartzCore.framework in Frameworks */ = {isa = PBXBuildFile; fileRef = FA7D97311463984D00CB6117 /* QuartzCore.framework */; };
		FA7D97491463AA8A00CB6117 /* Icon-Small@2x.png in Resources */ = {isa = PBXBuildFile; fileRef = FA7D97451463AA8600CB6117 /* Icon-Small@2x.png */; };
		FA7D974A1463AA8A00CB6117 /* Icon-Small.png in Resources */ = {isa = PBXBuildFile; fileRef = FA7D97461463AA8600CB6117 /* Icon-Small.png */; };
		FA7D974B1463AA8A00CB6117 /* Icon@2x.png in Resources */ = {isa = PBXBuildFile; fileRef = FA7D97471463AA8700CB6117 /* Icon@2x.png */; };
		FA7D974C1463AA8A00CB6117 /* Icon.png in Resources */ = {isa = PBXBuildFile; fileRef = FA7D97481463AA8800CB6117 /* Icon.png */; };
		FA7D97A3146CCA7C00CB6117 /* TwitCell.m in Sources */ = {isa = PBXBuildFile; fileRef = FA7D97A2146CCA7B00CB6117 /* TwitCell.m */; };
		FA7D97A6146CCCB200CB6117 /* myArticle.m in Sources */ = {isa = PBXBuildFile; fileRef = FA7D97A5146CCCB200CB6117 /* myArticle.m */; };
		FAAE51A9143BD39000CBC635 /* jQueryInject.txt in Resources */ = {isa = PBXBuildFile; fileRef = FAAE516F143BD39000CBC635 /* jQueryInject.txt */; };
		FAAE51AA143BD39000CBC635 /* jQueryInjectLandscape.txt in Resources */ = {isa = PBXBuildFile; fileRef = FAAE5170143BD39000CBC635 /* jQueryInjectLandscape.txt */; };
		FAAE51AB143BD39000CBC635 /* libOAuth.a in Frameworks */ = {isa = PBXBuildFile; fileRef = FAAE5171143BD39000CBC635 /* libOAuth.a */; };
		FAAE51AC143BD39000CBC635 /* MGTwitterEngine.m in Sources */ = {isa = PBXBuildFile; fileRef = FAAE5184143BD39000CBC635 /* MGTwitterEngine.m */; };
		FAAE51AD143BD39000CBC635 /* MGTwitterHTTPURLConnection.m in Sources */ = {isa = PBXBuildFile; fileRef = FAAE5188143BD39000CBC635 /* MGTwitterHTTPURLConnection.m */; };
		FAAE51AE143BD39000CBC635 /* MGTwitterLibXMLParser.m in Sources */ = {isa = PBXBuildFile; fileRef = FAAE518A143BD39000CBC635 /* MGTwitterLibXMLParser.m */; };
		FAAE51AF143BD39000CBC635 /* MGTwitterMessagesLibXMLParser.m in Sources */ = {isa = PBXBuildFile; fileRef = FAAE518C143BD39000CBC635 /* MGTwitterMessagesLibXMLParser.m */; };
		FAAE51B0143BD39000CBC635 /* MGTwitterMessagesParser.m in Sources */ = {isa = PBXBuildFile; fileRef = FAAE518E143BD39000CBC635 /* MGTwitterMessagesParser.m */; };
		FAAE51B1143BD39000CBC635 /* MGTwitterMiscLibXMLParser.m in Sources */ = {isa = PBXBuildFile; fileRef = FAAE5190143BD39000CBC635 /* MGTwitterMiscLibXMLParser.m */; };
		FAAE51B2143BD39000CBC635 /* MGTwitterMiscParser.m in Sources */ = {isa = PBXBuildFile; fileRef = FAAE5192143BD39000CBC635 /* MGTwitterMiscParser.m */; };
		FAAE51B3143BD39000CBC635 /* MGTwitterStatusesLibXMLParser.m in Sources */ = {isa = PBXBuildFile; fileRef = FAAE5196143BD39000CBC635 /* MGTwitterStatusesLibXMLParser.m */; };
		FAAE51B4143BD39000CBC635 /* MGTwitterStatusesParser.m in Sources */ = {isa = PBXBuildFile; fileRef = FAAE5198143BD39000CBC635 /* MGTwitterStatusesParser.m */; };
		FAAE51B5143BD39000CBC635 /* MGTwitterUsersLibXMLParser.m in Sources */ = {isa = PBXBuildFile; fileRef = FAAE519A143BD39000CBC635 /* MGTwitterUsersLibXMLParser.m */; };
		FAAE51B6143BD39000CBC635 /* MGTwitterUsersParser.m in Sources */ = {isa = PBXBuildFile; fileRef = FAAE519C143BD39000CBC635 /* MGTwitterUsersParser.m */; };
		FAAE51B7143BD39000CBC635 /* MGTwitterXMLParser.m in Sources */ = {isa = PBXBuildFile; fileRef = FAAE519E143BD39000CBC635 /* MGTwitterXMLParser.m */; };
		FAAE51B8143BD39000CBC635 /* NSData+Base64.m in Sources */ = {isa = PBXBuildFile; fileRef = FAAE51A0143BD39000CBC635 /* NSData+Base64.m */; };
		FAAE51B9143BD39000CBC635 /* NSString+UUID.m in Sources */ = {isa = PBXBuildFile; fileRef = FAAE51A2143BD39000CBC635 /* NSString+UUID.m */; };
		FAAE51BA143BD39000CBC635 /* SA_OAuthTwitterController.m in Sources */ = {isa = PBXBuildFile; fileRef = FAAE51A5143BD39000CBC635 /* SA_OAuthTwitterController.m */; };
		FAAE51BB143BD39000CBC635 /* SA_OAuthTwitterEngine.m in Sources */ = {isa = PBXBuildFile; fileRef = FAAE51A7143BD39000CBC635 /* SA_OAuthTwitterEngine.m */; };
		FAAE51BC143BD39000CBC635 /* twitter_load.png in Resources */ = {isa = PBXBuildFile; fileRef = FAAE51A8143BD39000CBC635 /* twitter_load.png */; };
		FAAE51BE143BD40600CBC635 /* libxml2.dylib in Frameworks */ = {isa = PBXBuildFile; fileRef = FAAE51BD143BD40600CBC635 /* libxml2.dylib */; };
		FAFF1C5A148830FD004F5921 /* PushSyncObject.m in Sources */ = {isa = PBXBuildFile; fileRef = FAFF1C59148830FD004F5921 /* PushSyncObject.m */; };
/* End PBXBuildFile section */

/* Begin PBXContainerItemProxy section */
		FA570B201429771A002A285B /* PBXContainerItemProxy */ = {
			isa = PBXContainerItemProxy;
			containerPortal = FA570AE714297719002A285B /* Project object */;
			proxyType = 1;
			remoteGlobalIDString = FA570AEF14297719002A285B;
			remoteInfo = TweaderTabs;
		};
/* End PBXContainerItemProxy section */

/* Begin PBXFileReference section */
		FA1FA153147B494E00A46FF6 /* SyncObject.h */ = {isa = PBXFileReference; fileEncoding = 4; lastKnownFileType = sourcecode.c.h; path = SyncObject.h; sourceTree = "<group>"; };
		FA1FA154147B494E00A46FF6 /* SyncObject.m */ = {isa = PBXFileReference; fileEncoding = 4; lastKnownFileType = sourcecode.c.objc; path = SyncObject.m; sourceTree = "<group>"; };
		FA1FA1561481D80900A46FF6 /* PullSyncObject.h */ = {isa = PBXFileReference; fileEncoding = 4; lastKnownFileType = sourcecode.c.h; path = PullSyncObject.h; sourceTree = "<group>"; };
		FA1FA1571481D80900A46FF6 /* PullSyncObject.m */ = {isa = PBXFileReference; fileEncoding = 4; lastKnownFileType = sourcecode.c.objc; path = PullSyncObject.m; sourceTree = "<group>"; };
		FA1FA159148557C100A46FF6 /* RankedArticlesVC.h */ = {isa = PBXFileReference; fileEncoding = 4; lastKnownFileType = sourcecode.c.h; path = RankedArticlesVC.h; sourceTree = "<group>"; };
		FA1FA15A148557C100A46FF6 /* RankedArticlesVC.m */ = {isa = PBXFileReference; fileEncoding = 4; lastKnownFileType = sourcecode.c.objc; path = RankedArticlesVC.m; sourceTree = "<group>"; };
		FA1FA15C14855E2300A46FF6 /* RankedArticles.xib */ = {isa = PBXFileReference; fileEncoding = 4; lastKnownFileType = file.xib; path = RankedArticles.xib; sourceTree = "<group>"; };
		FA39CCB81471734A00353E73 /* Parse.framework */ = {isa = PBXFileReference; lastKnownFileType = wrapper.framework; path = Parse.framework; sourceTree = "<group>"; };
		FA3EC498148BFEB900F209AD /* PullRefreshTableViewController.h */ = {isa = PBXFileReference; fileEncoding = 4; lastKnownFileType = sourcecode.c.h; path = PullRefreshTableViewController.h; sourceTree = "<group>"; };
		FA3EC499148BFEB900F209AD /* PullRefreshTableViewController.m */ = {isa = PBXFileReference; fileEncoding = 4; lastKnownFileType = sourcecode.c.objc; path = PullRefreshTableViewController.m; sourceTree = "<group>"; };
		FA3EC49B148C00A800F209AD /* arrow.png */ = {isa = PBXFileReference; lastKnownFileType = image.png; path = arrow.png; sourceTree = "<group>"; };
		FA3EC49D148C700B00F209AD /* star_unfilled_resized.png */ = {isa = PBXFileReference; lastKnownFileType = image.png; path = star_unfilled_resized.png; sourceTree = "<group>"; };
		FA3EC49E148C700B00F209AD /* star_filled_resized.png */ = {isa = PBXFileReference; lastKnownFileType = image.png; path = star_filled_resized.png; sourceTree = "<group>"; };
		FA3EC4A1148C703200F209AD /* Aa Icon.png */ = {isa = PBXFileReference; lastKnownFileType = image.png; path = "Aa Icon.png"; sourceTree = "<group>"; };
		FA3EC4A3148C7C4F00F209AD /* RankedCell.h */ = {isa = PBXFileReference; fileEncoding = 4; lastKnownFileType = sourcecode.c.h; path = RankedCell.h; sourceTree = "<group>"; };
		FA3EC4A4148C7C4F00F209AD /* RankedCell.m */ = {isa = PBXFileReference; fileEncoding = 4; lastKnownFileType = sourcecode.c.objc; path = RankedCell.m; sourceTree = "<group>"; };
		FA570AF014297719002A285B /* TweaderTabs.app */ = {isa = PBXFileReference; explicitFileType = wrapper.application; includeInIndex = 0; path = TweaderTabs.app; sourceTree = BUILT_PRODUCTS_DIR; };
		FA570AF414297719002A285B /* UIKit.framework */ = {isa = PBXFileReference; lastKnownFileType = wrapper.framework; name = UIKit.framework; path = System/Library/Frameworks/UIKit.framework; sourceTree = SDKROOT; };
		FA570AF614297719002A285B /* Foundation.framework */ = {isa = PBXFileReference; lastKnownFileType = wrapper.framework; name = Foundation.framework; path = System/Library/Frameworks/Foundation.framework; sourceTree = SDKROOT; };
		FA570AF814297719002A285B /* CoreGraphics.framework */ = {isa = PBXFileReference; lastKnownFileType = wrapper.framework; name = CoreGraphics.framework; path = System/Library/Frameworks/CoreGraphics.framework; sourceTree = SDKROOT; };
		FA570AFC14297719002A285B /* TweaderTabs-Info.plist */ = {isa = PBXFileReference; lastKnownFileType = text.plist.xml; path = "TweaderTabs-Info.plist"; sourceTree = "<group>"; };
		FA570AFE14297719002A285B /* en */ = {isa = PBXFileReference; lastKnownFileType = text.plist.strings; name = en; path = en.lproj/InfoPlist.strings; sourceTree = "<group>"; };
		FA570B0014297719002A285B /* main.m */ = {isa = PBXFileReference; lastKnownFileType = sourcecode.c.objc; path = main.m; sourceTree = "<group>"; };
		FA570B0214297719002A285B /* TweaderTabs-Prefix.pch */ = {isa = PBXFileReference; lastKnownFileType = sourcecode.c.h; path = "TweaderTabs-Prefix.pch"; sourceTree = "<group>"; };
		FA570B0314297719002A285B /* TweaderTabsAppDelegate.h */ = {isa = PBXFileReference; lastKnownFileType = sourcecode.c.h; path = TweaderTabsAppDelegate.h; sourceTree = "<group>"; };
		FA570B0414297719002A285B /* TweaderTabsAppDelegate.m */ = {isa = PBXFileReference; lastKnownFileType = sourcecode.c.objc; path = TweaderTabsAppDelegate.m; sourceTree = "<group>"; };
		FA570B0714297719002A285B /* en */ = {isa = PBXFileReference; lastKnownFileType = file.xib; name = en; path = en.lproj/MainWindow.xib; sourceTree = "<group>"; };
		FA570B0914297719002A285B /* FirstViewController.h */ = {isa = PBXFileReference; lastKnownFileType = sourcecode.c.h; path = FirstViewController.h; sourceTree = "<group>"; };
		FA570B0A14297719002A285B /* FirstViewController.m */ = {isa = PBXFileReference; lastKnownFileType = sourcecode.c.objc; path = FirstViewController.m; sourceTree = "<group>"; };
		FA570B0C14297719002A285B /* SecondViewController.h */ = {isa = PBXFileReference; lastKnownFileType = sourcecode.c.h; path = SecondViewController.h; sourceTree = "<group>"; };
		FA570B0D14297719002A285B /* SecondViewController.m */ = {isa = PBXFileReference; lastKnownFileType = sourcecode.c.objc; path = SecondViewController.m; sourceTree = "<group>"; };
		FA570B101429771A002A285B /* en */ = {isa = PBXFileReference; lastKnownFileType = file.xib; name = en; path = en.lproj/SecondView.xib; sourceTree = "<group>"; };
		FA570B131429771A002A285B /* en */ = {isa = PBXFileReference; lastKnownFileType = file.xib; name = en; path = en.lproj/FirstView.xib; sourceTree = "<group>"; };
		FA570B1A1429771A002A285B /* TweaderTabsTests.octest */ = {isa = PBXFileReference; explicitFileType = wrapper.cfbundle; includeInIndex = 0; path = TweaderTabsTests.octest; sourceTree = BUILT_PRODUCTS_DIR; };
		FA570B1B1429771A002A285B /* SenTestingKit.framework */ = {isa = PBXFileReference; lastKnownFileType = wrapper.framework; name = SenTestingKit.framework; path = Library/Frameworks/SenTestingKit.framework; sourceTree = DEVELOPER_DIR; };
		FA570B241429771A002A285B /* TweaderTabsTests-Info.plist */ = {isa = PBXFileReference; lastKnownFileType = text.plist.xml; path = "TweaderTabsTests-Info.plist"; sourceTree = "<group>"; };
		FA570B261429771A002A285B /* en */ = {isa = PBXFileReference; lastKnownFileType = text.plist.strings; name = en; path = en.lproj/InfoPlist.strings; sourceTree = "<group>"; };
		FA570B281429771A002A285B /* TweaderTabsTests.h */ = {isa = PBXFileReference; lastKnownFileType = sourcecode.c.h; path = TweaderTabsTests.h; sourceTree = "<group>"; };
		FA570B2A1429771A002A285B /* TweaderTabsTests.m */ = {isa = PBXFileReference; lastKnownFileType = sourcecode.c.objc; path = TweaderTabsTests.m; sourceTree = "<group>"; };
		FA623B511485AE300030E1CC /* JSON.h */ = {isa = PBXFileReference; fileEncoding = 4; lastKnownFileType = sourcecode.c.h; path = JSON.h; sourceTree = "<group>"; };
		FA623B521485AE300030E1CC /* NSObject+SBJson.h */ = {isa = PBXFileReference; fileEncoding = 4; lastKnownFileType = sourcecode.c.h; path = "NSObject+SBJson.h"; sourceTree = "<group>"; };
		FA623B531485AE300030E1CC /* NSObject+SBJson.m */ = {isa = PBXFileReference; fileEncoding = 4; lastKnownFileType = sourcecode.c.objc; path = "NSObject+SBJson.m"; sourceTree = "<group>"; };
		FA623B541485AE300030E1CC /* SBJson.h */ = {isa = PBXFileReference; fileEncoding = 4; lastKnownFileType = sourcecode.c.h; path = SBJson.h; sourceTree = "<group>"; };
		FA623B551485AE300030E1CC /* SBJsonParser.h */ = {isa = PBXFileReference; fileEncoding = 4; lastKnownFileType = sourcecode.c.h; path = SBJsonParser.h; sourceTree = "<group>"; };
		FA623B561485AE300030E1CC /* SBJsonParser.m */ = {isa = PBXFileReference; fileEncoding = 4; lastKnownFileType = sourcecode.c.objc; path = SBJsonParser.m; sourceTree = "<group>"; };
		FA623B571485AE300030E1CC /* SBJsonStreamParser.h */ = {isa = PBXFileReference; fileEncoding = 4; lastKnownFileType = sourcecode.c.h; path = SBJsonStreamParser.h; sourceTree = "<group>"; };
		FA623B581485AE300030E1CC /* SBJsonStreamParser.m */ = {isa = PBXFileReference; fileEncoding = 4; lastKnownFileType = sourcecode.c.objc; path = SBJsonStreamParser.m; sourceTree = "<group>"; };
		FA623B591485AE300030E1CC /* SBJsonStreamParserAccumulator.h */ = {isa = PBXFileReference; fileEncoding = 4; lastKnownFileType = sourcecode.c.h; path = SBJsonStreamParserAccumulator.h; sourceTree = "<group>"; };
		FA623B5A1485AE300030E1CC /* SBJsonStreamParserAccumulator.m */ = {isa = PBXFileReference; fileEncoding = 4; lastKnownFileType = sourcecode.c.objc; path = SBJsonStreamParserAccumulator.m; sourceTree = "<group>"; };
		FA623B5B1485AE300030E1CC /* SBJsonStreamParserAdapter.h */ = {isa = PBXFileReference; fileEncoding = 4; lastKnownFileType = sourcecode.c.h; path = SBJsonStreamParserAdapter.h; sourceTree = "<group>"; };
		FA623B5C1485AE300030E1CC /* SBJsonStreamParserAdapter.m */ = {isa = PBXFileReference; fileEncoding = 4; lastKnownFileType = sourcecode.c.objc; path = SBJsonStreamParserAdapter.m; sourceTree = "<group>"; };
		FA623B5D1485AE300030E1CC /* SBJsonStreamParserState.h */ = {isa = PBXFileReference; fileEncoding = 4; lastKnownFileType = sourcecode.c.h; path = SBJsonStreamParserState.h; sourceTree = "<group>"; };
		FA623B5E1485AE300030E1CC /* SBJsonStreamParserState.m */ = {isa = PBXFileReference; fileEncoding = 4; lastKnownFileType = sourcecode.c.objc; path = SBJsonStreamParserState.m; sourceTree = "<group>"; };
		FA623B5F1485AE300030E1CC /* SBJsonStreamWriter.h */ = {isa = PBXFileReference; fileEncoding = 4; lastKnownFileType = sourcecode.c.h; path = SBJsonStreamWriter.h; sourceTree = "<group>"; };
		FA623B601485AE300030E1CC /* SBJsonStreamWriter.m */ = {isa = PBXFileReference; fileEncoding = 4; lastKnownFileType = sourcecode.c.objc; path = SBJsonStreamWriter.m; sourceTree = "<group>"; };
		FA623B611485AE300030E1CC /* SBJsonStreamWriterAccumulator.h */ = {isa = PBXFileReference; fileEncoding = 4; lastKnownFileType = sourcecode.c.h; path = SBJsonStreamWriterAccumulator.h; sourceTree = "<group>"; };
		FA623B621485AE300030E1CC /* SBJsonStreamWriterAccumulator.m */ = {isa = PBXFileReference; fileEncoding = 4; lastKnownFileType = sourcecode.c.objc; path = SBJsonStreamWriterAccumulator.m; sourceTree = "<group>"; };
		FA623B631485AE300030E1CC /* SBJsonStreamWriterState.h */ = {isa = PBXFileReference; fileEncoding = 4; lastKnownFileType = sourcecode.c.h; path = SBJsonStreamWriterState.h; sourceTree = "<group>"; };
		FA623B641485AE300030E1CC /* SBJsonStreamWriterState.m */ = {isa = PBXFileReference; fileEncoding = 4; lastKnownFileType = sourcecode.c.objc; path = SBJsonStreamWriterState.m; sourceTree = "<group>"; };
		FA623B651485AE300030E1CC /* SBJsonTokeniser.h */ = {isa = PBXFileReference; fileEncoding = 4; lastKnownFileType = sourcecode.c.h; path = SBJsonTokeniser.h; sourceTree = "<group>"; };
		FA623B661485AE300030E1CC /* SBJsonTokeniser.m */ = {isa = PBXFileReference; fileEncoding = 4; lastKnownFileType = sourcecode.c.objc; path = SBJsonTokeniser.m; sourceTree = "<group>"; };
		FA623B671485AE300030E1CC /* SBJsonUTF8Stream.h */ = {isa = PBXFileReference; fileEncoding = 4; lastKnownFileType = sourcecode.c.h; path = SBJsonUTF8Stream.h; sourceTree = "<group>"; };
		FA623B681485AE300030E1CC /* SBJsonUTF8Stream.m */ = {isa = PBXFileReference; fileEncoding = 4; lastKnownFileType = sourcecode.c.objc; path = SBJsonUTF8Stream.m; sourceTree = "<group>"; };
		FA623B691485AE300030E1CC /* SBJsonWriter.h */ = {isa = PBXFileReference; fileEncoding = 4; lastKnownFileType = sourcecode.c.h; path = SBJsonWriter.h; sourceTree = "<group>"; };
		FA623B6A1485AE300030E1CC /* SBJsonWriter.m */ = {isa = PBXFileReference; fileEncoding = 4; lastKnownFileType = sourcecode.c.objc; path = SBJsonWriter.m; sourceTree = "<group>"; };
		FA7D97311463984D00CB6117 /* QuartzCore.framework */ = {isa = PBXFileReference; lastKnownFileType = wrapper.framework; name = QuartzCore.framework; path = System/Library/Frameworks/QuartzCore.framework; sourceTree = SDKROOT; };
		FA7D97451463AA8600CB6117 /* Icon-Small@2x.png */ = {isa = PBXFileReference; lastKnownFileType = image.png; name = "Icon-Small@2x.png"; path = "../../Icon-Small@2x.png"; sourceTree = "<group>"; };
		FA7D97461463AA8600CB6117 /* Icon-Small.png */ = {isa = PBXFileReference; lastKnownFileType = image.png; name = "Icon-Small.png"; path = "../../Icon-Small.png"; sourceTree = "<group>"; };
		FA7D97471463AA8700CB6117 /* Icon@2x.png */ = {isa = PBXFileReference; lastKnownFileType = image.png; name = "Icon@2x.png"; path = "../../Icon@2x.png"; sourceTree = "<group>"; };
		FA7D97481463AA8800CB6117 /* Icon.png */ = {isa = PBXFileReference; lastKnownFileType = image.png; name = Icon.png; path = ../../Icon.png; sourceTree = "<group>"; };
		FA7D97A1146CCA7B00CB6117 /* TwitCell.h */ = {isa = PBXFileReference; fileEncoding = 4; lastKnownFileType = sourcecode.c.h; path = TwitCell.h; sourceTree = "<group>"; };
		FA7D97A2146CCA7B00CB6117 /* TwitCell.m */ = {isa = PBXFileReference; fileEncoding = 4; lastKnownFileType = sourcecode.c.objc; path = TwitCell.m; sourceTree = "<group>"; };
		FA7D97A4146CCCB200CB6117 /* myArticle.h */ = {isa = PBXFileReference; fileEncoding = 4; lastKnownFileType = sourcecode.c.h; path = myArticle.h; sourceTree = "<group>"; };
		FA7D97A5146CCCB200CB6117 /* myArticle.m */ = {isa = PBXFileReference; fileEncoding = 4; lastKnownFileType = sourcecode.c.objc; path = myArticle.m; sourceTree = "<group>"; };
		FAAE516F143BD39000CBC635 /* jQueryInject.txt */ = {isa = PBXFileReference; fileEncoding = 4; lastKnownFileType = text; path = jQueryInject.txt; sourceTree = "<group>"; };
		FAAE5170143BD39000CBC635 /* jQueryInjectLandscape.txt */ = {isa = PBXFileReference; fileEncoding = 4; lastKnownFileType = text; path = jQueryInjectLandscape.txt; sourceTree = "<group>"; };
		FAAE5171143BD39000CBC635 /* libOAuth.a */ = {isa = PBXFileReference; lastKnownFileType = archive.ar; path = libOAuth.a; sourceTree = "<group>"; };
		FAAE5173143BD39000CBC635 /* NSMutableURLRequest+Parameters.h */ = {isa = PBXFileReference; fileEncoding = 4; lastKnownFileType = sourcecode.c.h; path = "NSMutableURLRequest+Parameters.h"; sourceTree = "<group>"; };
		FAAE5174143BD39000CBC635 /* NSString+URLEncoding.h */ = {isa = PBXFileReference; fileEncoding = 4; lastKnownFileType = sourcecode.c.h; path = "NSString+URLEncoding.h"; sourceTree = "<group>"; };
		FAAE5175143BD39000CBC635 /* NSURL+Base.h */ = {isa = PBXFileReference; fileEncoding = 4; lastKnownFileType = sourcecode.c.h; path = "NSURL+Base.h"; sourceTree = "<group>"; };
		FAAE5176143BD39000CBC635 /* OAAsynchronousDataFetcher.h */ = {isa = PBXFileReference; fileEncoding = 4; lastKnownFileType = sourcecode.c.h; path = OAAsynchronousDataFetcher.h; sourceTree = "<group>"; };
		FAAE5177143BD39000CBC635 /* OAConsumer.h */ = {isa = PBXFileReference; fileEncoding = 4; lastKnownFileType = sourcecode.c.h; path = OAConsumer.h; sourceTree = "<group>"; };
		FAAE5178143BD39000CBC635 /* OADataFetcher.h */ = {isa = PBXFileReference; fileEncoding = 4; lastKnownFileType = sourcecode.c.h; path = OADataFetcher.h; sourceTree = "<group>"; };
		FAAE5179143BD39000CBC635 /* OAHMAC_SHA1SignatureProvider.h */ = {isa = PBXFileReference; fileEncoding = 4; lastKnownFileType = sourcecode.c.h; path = OAHMAC_SHA1SignatureProvider.h; sourceTree = "<group>"; };
		FAAE517A143BD39000CBC635 /* OAMutableURLRequest.h */ = {isa = PBXFileReference; fileEncoding = 4; lastKnownFileType = sourcecode.c.h; path = OAMutableURLRequest.h; sourceTree = "<group>"; };
		FAAE517B143BD39000CBC635 /* OAPlaintextSignatureProvider.h */ = {isa = PBXFileReference; fileEncoding = 4; lastKnownFileType = sourcecode.c.h; path = OAPlaintextSignatureProvider.h; sourceTree = "<group>"; };
		FAAE517C143BD39000CBC635 /* OARequestParameter.h */ = {isa = PBXFileReference; fileEncoding = 4; lastKnownFileType = sourcecode.c.h; path = OARequestParameter.h; sourceTree = "<group>"; };
		FAAE517D143BD39000CBC635 /* OAServiceTicket.h */ = {isa = PBXFileReference; fileEncoding = 4; lastKnownFileType = sourcecode.c.h; path = OAServiceTicket.h; sourceTree = "<group>"; };
		FAAE517E143BD39000CBC635 /* OASignatureProviding.h */ = {isa = PBXFileReference; fileEncoding = 4; lastKnownFileType = sourcecode.c.h; path = OASignatureProviding.h; sourceTree = "<group>"; };
		FAAE517F143BD39000CBC635 /* OAToken.h */ = {isa = PBXFileReference; fileEncoding = 4; lastKnownFileType = sourcecode.c.h; path = OAToken.h; sourceTree = "<group>"; };
		FAAE5180143BD39000CBC635 /* OAToken_KeychainExtensions.h */ = {isa = PBXFileReference; fileEncoding = 4; lastKnownFileType = sourcecode.c.h; path = OAToken_KeychainExtensions.h; sourceTree = "<group>"; };
		FAAE5181143BD39000CBC635 /* OAuthConsumer.h */ = {isa = PBXFileReference; fileEncoding = 4; lastKnownFileType = sourcecode.c.h; path = OAuthConsumer.h; sourceTree = "<group>"; };
		FAAE5183143BD39000CBC635 /* MGTwitterEngine.h */ = {isa = PBXFileReference; fileEncoding = 4; lastKnownFileType = sourcecode.c.h; path = MGTwitterEngine.h; sourceTree = "<group>"; };
		FAAE5184143BD39000CBC635 /* MGTwitterEngine.m */ = {isa = PBXFileReference; fileEncoding = 4; lastKnownFileType = sourcecode.c.objc; path = MGTwitterEngine.m; sourceTree = "<group>"; };
		FAAE5185143BD39000CBC635 /* MGTwitterEngineDelegate.h */ = {isa = PBXFileReference; fileEncoding = 4; lastKnownFileType = sourcecode.c.h; path = MGTwitterEngineDelegate.h; sourceTree = "<group>"; };
		FAAE5186143BD39000CBC635 /* MGTwitterEngineGlobalHeader.h */ = {isa = PBXFileReference; fileEncoding = 4; lastKnownFileType = sourcecode.c.h; path = MGTwitterEngineGlobalHeader.h; sourceTree = "<group>"; };
		FAAE5187143BD39000CBC635 /* MGTwitterHTTPURLConnection.h */ = {isa = PBXFileReference; fileEncoding = 4; lastKnownFileType = sourcecode.c.h; path = MGTwitterHTTPURLConnection.h; sourceTree = "<group>"; };
		FAAE5188143BD39000CBC635 /* MGTwitterHTTPURLConnection.m */ = {isa = PBXFileReference; fileEncoding = 4; lastKnownFileType = sourcecode.c.objc; path = MGTwitterHTTPURLConnection.m; sourceTree = "<group>"; };
		FAAE5189143BD39000CBC635 /* MGTwitterLibXMLParser.h */ = {isa = PBXFileReference; fileEncoding = 4; lastKnownFileType = sourcecode.c.h; path = MGTwitterLibXMLParser.h; sourceTree = "<group>"; };
		FAAE518A143BD39000CBC635 /* MGTwitterLibXMLParser.m */ = {isa = PBXFileReference; fileEncoding = 4; lastKnownFileType = sourcecode.c.objc; path = MGTwitterLibXMLParser.m; sourceTree = "<group>"; };
		FAAE518B143BD39000CBC635 /* MGTwitterMessagesLibXMLParser.h */ = {isa = PBXFileReference; fileEncoding = 4; lastKnownFileType = sourcecode.c.h; path = MGTwitterMessagesLibXMLParser.h; sourceTree = "<group>"; };
		FAAE518C143BD39000CBC635 /* MGTwitterMessagesLibXMLParser.m */ = {isa = PBXFileReference; fileEncoding = 4; lastKnownFileType = sourcecode.c.objc; path = MGTwitterMessagesLibXMLParser.m; sourceTree = "<group>"; };
		FAAE518D143BD39000CBC635 /* MGTwitterMessagesParser.h */ = {isa = PBXFileReference; fileEncoding = 4; lastKnownFileType = sourcecode.c.h; path = MGTwitterMessagesParser.h; sourceTree = "<group>"; };
		FAAE518E143BD39000CBC635 /* MGTwitterMessagesParser.m */ = {isa = PBXFileReference; fileEncoding = 4; lastKnownFileType = sourcecode.c.objc; path = MGTwitterMessagesParser.m; sourceTree = "<group>"; };
		FAAE518F143BD39000CBC635 /* MGTwitterMiscLibXMLParser.h */ = {isa = PBXFileReference; fileEncoding = 4; lastKnownFileType = sourcecode.c.h; path = MGTwitterMiscLibXMLParser.h; sourceTree = "<group>"; };
		FAAE5190143BD39000CBC635 /* MGTwitterMiscLibXMLParser.m */ = {isa = PBXFileReference; fileEncoding = 4; lastKnownFileType = sourcecode.c.objc; path = MGTwitterMiscLibXMLParser.m; sourceTree = "<group>"; };
		FAAE5191143BD39000CBC635 /* MGTwitterMiscParser.h */ = {isa = PBXFileReference; fileEncoding = 4; lastKnownFileType = sourcecode.c.h; path = MGTwitterMiscParser.h; sourceTree = "<group>"; };
		FAAE5192143BD39000CBC635 /* MGTwitterMiscParser.m */ = {isa = PBXFileReference; fileEncoding = 4; lastKnownFileType = sourcecode.c.objc; path = MGTwitterMiscParser.m; sourceTree = "<group>"; };
		FAAE5193143BD39000CBC635 /* MGTwitterParserDelegate.h */ = {isa = PBXFileReference; fileEncoding = 4; lastKnownFileType = sourcecode.c.h; path = MGTwitterParserDelegate.h; sourceTree = "<group>"; };
		FAAE5194143BD39000CBC635 /* MGTwitterRequestTypes.h */ = {isa = PBXFileReference; fileEncoding = 4; lastKnownFileType = sourcecode.c.h; path = MGTwitterRequestTypes.h; sourceTree = "<group>"; };
		FAAE5195143BD39000CBC635 /* MGTwitterStatusesLibXMLParser.h */ = {isa = PBXFileReference; fileEncoding = 4; lastKnownFileType = sourcecode.c.h; path = MGTwitterStatusesLibXMLParser.h; sourceTree = "<group>"; };
		FAAE5196143BD39000CBC635 /* MGTwitterStatusesLibXMLParser.m */ = {isa = PBXFileReference; fileEncoding = 4; lastKnownFileType = sourcecode.c.objc; path = MGTwitterStatusesLibXMLParser.m; sourceTree = "<group>"; };
		FAAE5197143BD39000CBC635 /* MGTwitterStatusesParser.h */ = {isa = PBXFileReference; fileEncoding = 4; lastKnownFileType = sourcecode.c.h; path = MGTwitterStatusesParser.h; sourceTree = "<group>"; };
		FAAE5198143BD39000CBC635 /* MGTwitterStatusesParser.m */ = {isa = PBXFileReference; fileEncoding = 4; lastKnownFileType = sourcecode.c.objc; path = MGTwitterStatusesParser.m; sourceTree = "<group>"; };
		FAAE5199143BD39000CBC635 /* MGTwitterUsersLibXMLParser.h */ = {isa = PBXFileReference; fileEncoding = 4; lastKnownFileType = sourcecode.c.h; path = MGTwitterUsersLibXMLParser.h; sourceTree = "<group>"; };
		FAAE519A143BD39000CBC635 /* MGTwitterUsersLibXMLParser.m */ = {isa = PBXFileReference; fileEncoding = 4; lastKnownFileType = sourcecode.c.objc; path = MGTwitterUsersLibXMLParser.m; sourceTree = "<group>"; };
		FAAE519B143BD39000CBC635 /* MGTwitterUsersParser.h */ = {isa = PBXFileReference; fileEncoding = 4; lastKnownFileType = sourcecode.c.h; path = MGTwitterUsersParser.h; sourceTree = "<group>"; };
		FAAE519C143BD39000CBC635 /* MGTwitterUsersParser.m */ = {isa = PBXFileReference; fileEncoding = 4; lastKnownFileType = sourcecode.c.objc; path = MGTwitterUsersParser.m; sourceTree = "<group>"; };
		FAAE519D143BD39000CBC635 /* MGTwitterXMLParser.h */ = {isa = PBXFileReference; fileEncoding = 4; lastKnownFileType = sourcecode.c.h; path = MGTwitterXMLParser.h; sourceTree = "<group>"; };
		FAAE519E143BD39000CBC635 /* MGTwitterXMLParser.m */ = {isa = PBXFileReference; fileEncoding = 4; lastKnownFileType = sourcecode.c.objc; path = MGTwitterXMLParser.m; sourceTree = "<group>"; };
		FAAE519F143BD39000CBC635 /* NSData+Base64.h */ = {isa = PBXFileReference; fileEncoding = 4; lastKnownFileType = sourcecode.c.h; path = "NSData+Base64.h"; sourceTree = "<group>"; };
		FAAE51A0143BD39000CBC635 /* NSData+Base64.m */ = {isa = PBXFileReference; fileEncoding = 4; lastKnownFileType = sourcecode.c.objc; path = "NSData+Base64.m"; sourceTree = "<group>"; };
		FAAE51A1143BD39000CBC635 /* NSString+UUID.h */ = {isa = PBXFileReference; fileEncoding = 4; lastKnownFileType = sourcecode.c.h; path = "NSString+UUID.h"; sourceTree = "<group>"; };
		FAAE51A2143BD39000CBC635 /* NSString+UUID.m */ = {isa = PBXFileReference; fileEncoding = 4; lastKnownFileType = sourcecode.c.objc; path = "NSString+UUID.m"; sourceTree = "<group>"; };
		FAAE51A4143BD39000CBC635 /* SA_OAuthTwitterController.h */ = {isa = PBXFileReference; fileEncoding = 4; lastKnownFileType = sourcecode.c.h; path = SA_OAuthTwitterController.h; sourceTree = "<group>"; };
		FAAE51A5143BD39000CBC635 /* SA_OAuthTwitterController.m */ = {isa = PBXFileReference; fileEncoding = 4; lastKnownFileType = sourcecode.c.objc; path = SA_OAuthTwitterController.m; sourceTree = "<group>"; };
		FAAE51A6143BD39000CBC635 /* SA_OAuthTwitterEngine.h */ = {isa = PBXFileReference; fileEncoding = 4; lastKnownFileType = sourcecode.c.h; path = SA_OAuthTwitterEngine.h; sourceTree = "<group>"; };
		FAAE51A7143BD39000CBC635 /* SA_OAuthTwitterEngine.m */ = {isa = PBXFileReference; fileEncoding = 4; lastKnownFileType = sourcecode.c.objc; path = SA_OAuthTwitterEngine.m; sourceTree = "<group>"; };
		FAAE51A8143BD39000CBC635 /* twitter_load.png */ = {isa = PBXFileReference; lastKnownFileType = image.png; path = twitter_load.png; sourceTree = "<group>"; };
		FAAE51BD143BD40600CBC635 /* libxml2.dylib */ = {isa = PBXFileReference; lastKnownFileType = "compiled.mach-o.dylib"; name = libxml2.dylib; path = usr/lib/libxml2.dylib; sourceTree = SDKROOT; };
		FAFF1C58148830FD004F5921 /* PushSyncObject.h */ = {isa = PBXFileReference; fileEncoding = 4; lastKnownFileType = sourcecode.c.h; name = PushSyncObject.h; path = ../PushSyncObject.h; sourceTree = "<group>"; };
		FAFF1C59148830FD004F5921 /* PushSyncObject.m */ = {isa = PBXFileReference; fileEncoding = 4; lastKnownFileType = sourcecode.c.objc; name = PushSyncObject.m; path = ../PushSyncObject.m; sourceTree = "<group>"; };
/* End PBXFileReference section */

/* Begin PBXFrameworksBuildPhase section */
		FA570AED14297719002A285B /* Frameworks */ = {
			isa = PBXFrameworksBuildPhase;
			buildActionMask = 2147483647;
			files = (
				FA7D97321463984E00CB6117 /* QuartzCore.framework in Frameworks */,
				FAAE51BE143BD40600CBC635 /* libxml2.dylib in Frameworks */,
				FA570AF514297719002A285B /* UIKit.framework in Frameworks */,
				FA570AF714297719002A285B /* Foundation.framework in Frameworks */,
				FA570AF914297719002A285B /* CoreGraphics.framework in Frameworks */,
				FAAE51AB143BD39000CBC635 /* libOAuth.a in Frameworks */,
				FA39CCB91471734A00353E73 /* Parse.framework in Frameworks */,
			);
			runOnlyForDeploymentPostprocessing = 0;
		};
		FA570B161429771A002A285B /* Frameworks */ = {
			isa = PBXFrameworksBuildPhase;
			buildActionMask = 2147483647;
			files = (
				FA570B1C1429771A002A285B /* SenTestingKit.framework in Frameworks */,
				FA570B1D1429771A002A285B /* UIKit.framework in Frameworks */,
				FA570B1E1429771A002A285B /* Foundation.framework in Frameworks */,
				FA570B1F1429771A002A285B /* CoreGraphics.framework in Frameworks */,
			);
			runOnlyForDeploymentPostprocessing = 0;
		};
/* End PBXFrameworksBuildPhase section */

/* Begin PBXGroup section */
		FA570AE514297719002A285B = {
			isa = PBXGroup;
			children = (
				FA7D97451463AA8600CB6117 /* Icon-Small@2x.png */,
				FA7D97461463AA8600CB6117 /* Icon-Small.png */,
				FA7D97471463AA8700CB6117 /* Icon@2x.png */,
				FA7D97481463AA8800CB6117 /* Icon.png */,
				FA7D979C146BA25400CB6117 /* New Group */,
				FA7D97311463984D00CB6117 /* QuartzCore.framework */,
				FAAE51BD143BD40600CBC635 /* libxml2.dylib */,
				FAAE516C143BD36100CBC635 /* Other Sources */,
				FA570AFA14297719002A285B /* TweaderTabs */,
				FA570B221429771A002A285B /* TweaderTabsTests */,
				FA570AF314297719002A285B /* Frameworks */,
				FA570AF114297719002A285B /* Products */,
			);
			sourceTree = "<group>";
		};
		FA570AF114297719002A285B /* Products */ = {
			isa = PBXGroup;
			children = (
				FA570AF014297719002A285B /* TweaderTabs.app */,
				FA570B1A1429771A002A285B /* TweaderTabsTests.octest */,
			);
			name = Products;
			sourceTree = "<group>";
		};
		FA570AF314297719002A285B /* Frameworks */ = {
			isa = PBXGroup;
			children = (
				FA39CCB81471734A00353E73 /* Parse.framework */,
				FA570AF414297719002A285B /* UIKit.framework */,
				FA570AF614297719002A285B /* Foundation.framework */,
				FA570AF814297719002A285B /* CoreGraphics.framework */,
				FA570B1B1429771A002A285B /* SenTestingKit.framework */,
			);
			name = Frameworks;
			sourceTree = "<group>";
		};
		FA570AFA14297719002A285B /* TweaderTabs */ = {
			isa = PBXGroup;
			children = (
				FAAE516B143BC7E500CBC635 /* Nib Files */,
				FA570B0314297719002A285B /* TweaderTabsAppDelegate.h */,
				FA570B0414297719002A285B /* TweaderTabsAppDelegate.m */,
				FA570B0614297719002A285B /* MainWindow.xib */,
				FA1FA159148557C100A46FF6 /* RankedArticlesVC.h */,
				FA1FA15A148557C100A46FF6 /* RankedArticlesVC.m */,
				FA7D97A1146CCA7B00CB6117 /* TwitCell.h */,
				FA3EC4A3148C7C4F00F209AD /* RankedCell.h */,
				FA3EC4A4148C7C4F00F209AD /* RankedCell.m */,
				FA7D97A2146CCA7B00CB6117 /* TwitCell.m */,
				FA570B0914297719002A285B /* FirstViewController.h */,
				FA570B0A14297719002A285B /* FirstViewController.m */,
				FA570B0C14297719002A285B /* SecondViewController.h */,
				FA570B0D14297719002A285B /* SecondViewController.m */,
				FA570B121429771A002A285B /* FirstView.xib */,
				FA570B0F1429771A002A285B /* SecondView.xib */,
				FA1FA15C14855E2300A46FF6 /* RankedArticles.xib */,
				FA570AFB14297719002A285B /* Supporting Files */,
				FA7D97A4146CCCB200CB6117 /* myArticle.h */,
				FA7D97A5146CCCB200CB6117 /* myArticle.m */,
				FA1FA153147B494E00A46FF6 /* SyncObject.h */,
				FA1FA154147B494E00A46FF6 /* SyncObject.m */,
				FA1FA1561481D80900A46FF6 /* PullSyncObject.h */,
				FA1FA1571481D80900A46FF6 /* PullSyncObject.m */,
				FAFF1C58148830FD004F5921 /* PushSyncObject.h */,
				FAFF1C59148830FD004F5921 /* PushSyncObject.m */,
			);
			path = TweaderTabs;
			sourceTree = "<group>";
		};
		FA570AFB14297719002A285B /* Supporting Files */ = {
			isa = PBXGroup;
			children = (
				FA570AFC14297719002A285B /* TweaderTabs-Info.plist */,
				FA570AFD14297719002A285B /* InfoPlist.strings */,
				FA570B0014297719002A285B /* main.m */,
				FA570B0214297719002A285B /* TweaderTabs-Prefix.pch */,
			);
			name = "Supporting Files";
			sourceTree = "<group>";
		};
		FA570B221429771A002A285B /* TweaderTabsTests */ = {
			isa = PBXGroup;
			children = (
				FA570B281429771A002A285B /* TweaderTabsTests.h */,
				FA570B2A1429771A002A285B /* TweaderTabsTests.m */,
				FA570B231429771A002A285B /* Supporting Files */,
			);
			path = TweaderTabsTests;
			sourceTree = "<group>";
		};
		FA570B231429771A002A285B /* Supporting Files */ = {
			isa = PBXGroup;
			children = (
				FA570B241429771A002A285B /* TweaderTabsTests-Info.plist */,
				FA570B251429771A002A285B /* InfoPlist.strings */,
			);
			name = "Supporting Files";
			sourceTree = "<group>";
		};
		FA623B501485AE300030E1CC /* Classes */ = {
			isa = PBXGroup;
			children = (
				FA623B511485AE300030E1CC /* JSON.h */,
				FA623B521485AE300030E1CC /* NSObject+SBJson.h */,
				FA623B531485AE300030E1CC /* NSObject+SBJson.m */,
				FA623B541485AE300030E1CC /* SBJson.h */,
				FA623B551485AE300030E1CC /* SBJsonParser.h */,
				FA623B561485AE300030E1CC /* SBJsonParser.m */,
				FA623B571485AE300030E1CC /* SBJsonStreamParser.h */,
				FA623B581485AE300030E1CC /* SBJsonStreamParser.m */,
				FA623B591485AE300030E1CC /* SBJsonStreamParserAccumulator.h */,
				FA623B5A1485AE300030E1CC /* SBJsonStreamParserAccumulator.m */,
				FA623B5B1485AE300030E1CC /* SBJsonStreamParserAdapter.h */,
				FA623B5C1485AE300030E1CC /* SBJsonStreamParserAdapter.m */,
				FA623B5D1485AE300030E1CC /* SBJsonStreamParserState.h */,
				FA623B5E1485AE300030E1CC /* SBJsonStreamParserState.m */,
				FA623B5F1485AE300030E1CC /* SBJsonStreamWriter.h */,
				FA623B601485AE300030E1CC /* SBJsonStreamWriter.m */,
				FA623B611485AE300030E1CC /* SBJsonStreamWriterAccumulator.h */,
				FA623B621485AE300030E1CC /* SBJsonStreamWriterAccumulator.m */,
				FA623B631485AE300030E1CC /* SBJsonStreamWriterState.h */,
				FA623B641485AE300030E1CC /* SBJsonStreamWriterState.m */,
				FA623B651485AE300030E1CC /* SBJsonTokeniser.h */,
				FA623B661485AE300030E1CC /* SBJsonTokeniser.m */,
				FA623B671485AE300030E1CC /* SBJsonUTF8Stream.h */,
				FA623B681485AE300030E1CC /* SBJsonUTF8Stream.m */,
				FA623B691485AE300030E1CC /* SBJsonWriter.h */,
				FA623B6A1485AE300030E1CC /* SBJsonWriter.m */,
			);
			path = Classes;
			sourceTree = "<group>";
		};
		FA7D979C146BA25400CB6117 /* New Group */ = {
			isa = PBXGroup;
			children = (
				FA3EC49D148C700B00F209AD /* star_unfilled_resized.png */,
				FA3EC49E148C700B00F209AD /* star_filled_resized.png */,
				FA3EC4A1148C703200F209AD /* Aa Icon.png */,
			);
			name = "New Group";
			sourceTree = "<group>";
		};
		FAAE516B143BC7E500CBC635 /* Nib Files */ = {
			isa = PBXGroup;
			children = (
			);
			name = "Nib Files";
			sourceTree = "<group>";
		};
		FAAE516C143BD36100CBC635 /* Other Sources */ = {
			isa = PBXGroup;
			children = (
				FA3EC498148BFEB900F209AD /* PullRefreshTableViewController.h */,
				FA3EC49B148C00A800F209AD /* arrow.png */,
				FA3EC499148BFEB900F209AD /* PullRefreshTableViewController.m */,
				FA623B501485AE300030E1CC /* Classes */,
				FAAE516D143BD39000CBC635 /* Twitter+OAuth */,
			);
			name = "Other Sources";
			sourceTree = "<group>";
		};
		FAAE516D143BD39000CBC635 /* Twitter+OAuth */ = {
			isa = PBXGroup;
			children = (
				FAAE516E143BD39000CBC635 /* Libraries & Headers */,
				FAAE5182143BD39000CBC635 /* MGTwitterEngine */,
				FAAE51A3143BD39000CBC635 /* SAOAuthTwitterEngine */,
			);
			path = "Twitter+OAuth";
			sourceTree = "<group>";
		};
		FAAE516E143BD39000CBC635 /* Libraries & Headers */ = {
			isa = PBXGroup;
			children = (
				FAAE516F143BD39000CBC635 /* jQueryInject.txt */,
				FAAE5170143BD39000CBC635 /* jQueryInjectLandscape.txt */,
				FAAE5171143BD39000CBC635 /* libOAuth.a */,
				FAAE5172143BD39000CBC635 /* OAuthConsumer */,
			);
			path = "Libraries & Headers";
			sourceTree = "<group>";
		};
		FAAE5172143BD39000CBC635 /* OAuthConsumer */ = {
			isa = PBXGroup;
			children = (
				FAAE5173143BD39000CBC635 /* NSMutableURLRequest+Parameters.h */,
				FAAE5174143BD39000CBC635 /* NSString+URLEncoding.h */,
				FAAE5175143BD39000CBC635 /* NSURL+Base.h */,
				FAAE5176143BD39000CBC635 /* OAAsynchronousDataFetcher.h */,
				FAAE5177143BD39000CBC635 /* OAConsumer.h */,
				FAAE5178143BD39000CBC635 /* OADataFetcher.h */,
				FAAE5179143BD39000CBC635 /* OAHMAC_SHA1SignatureProvider.h */,
				FAAE517A143BD39000CBC635 /* OAMutableURLRequest.h */,
				FAAE517B143BD39000CBC635 /* OAPlaintextSignatureProvider.h */,
				FAAE517C143BD39000CBC635 /* OARequestParameter.h */,
				FAAE517D143BD39000CBC635 /* OAServiceTicket.h */,
				FAAE517E143BD39000CBC635 /* OASignatureProviding.h */,
				FAAE517F143BD39000CBC635 /* OAToken.h */,
				FAAE5180143BD39000CBC635 /* OAToken_KeychainExtensions.h */,
				FAAE5181143BD39000CBC635 /* OAuthConsumer.h */,
			);
			path = OAuthConsumer;
			sourceTree = "<group>";
		};
		FAAE5182143BD39000CBC635 /* MGTwitterEngine */ = {
			isa = PBXGroup;
			children = (
				FAAE5183143BD39000CBC635 /* MGTwitterEngine.h */,
				FAAE5184143BD39000CBC635 /* MGTwitterEngine.m */,
				FAAE5185143BD39000CBC635 /* MGTwitterEngineDelegate.h */,
				FAAE5186143BD39000CBC635 /* MGTwitterEngineGlobalHeader.h */,
				FAAE5187143BD39000CBC635 /* MGTwitterHTTPURLConnection.h */,
				FAAE5188143BD39000CBC635 /* MGTwitterHTTPURLConnection.m */,
				FAAE5189143BD39000CBC635 /* MGTwitterLibXMLParser.h */,
				FAAE518A143BD39000CBC635 /* MGTwitterLibXMLParser.m */,
				FAAE518B143BD39000CBC635 /* MGTwitterMessagesLibXMLParser.h */,
				FAAE518C143BD39000CBC635 /* MGTwitterMessagesLibXMLParser.m */,
				FAAE518D143BD39000CBC635 /* MGTwitterMessagesParser.h */,
				FAAE518E143BD39000CBC635 /* MGTwitterMessagesParser.m */,
				FAAE518F143BD39000CBC635 /* MGTwitterMiscLibXMLParser.h */,
				FAAE5190143BD39000CBC635 /* MGTwitterMiscLibXMLParser.m */,
				FAAE5191143BD39000CBC635 /* MGTwitterMiscParser.h */,
				FAAE5192143BD39000CBC635 /* MGTwitterMiscParser.m */,
				FAAE5193143BD39000CBC635 /* MGTwitterParserDelegate.h */,
				FAAE5194143BD39000CBC635 /* MGTwitterRequestTypes.h */,
				FAAE5195143BD39000CBC635 /* MGTwitterStatusesLibXMLParser.h */,
				FAAE5196143BD39000CBC635 /* MGTwitterStatusesLibXMLParser.m */,
				FAAE5197143BD39000CBC635 /* MGTwitterStatusesParser.h */,
				FAAE5198143BD39000CBC635 /* MGTwitterStatusesParser.m */,
				FAAE5199143BD39000CBC635 /* MGTwitterUsersLibXMLParser.h */,
				FAAE519A143BD39000CBC635 /* MGTwitterUsersLibXMLParser.m */,
				FAAE519B143BD39000CBC635 /* MGTwitterUsersParser.h */,
				FAAE519C143BD39000CBC635 /* MGTwitterUsersParser.m */,
				FAAE519D143BD39000CBC635 /* MGTwitterXMLParser.h */,
				FAAE519E143BD39000CBC635 /* MGTwitterXMLParser.m */,
				FAAE519F143BD39000CBC635 /* NSData+Base64.h */,
				FAAE51A0143BD39000CBC635 /* NSData+Base64.m */,
				FAAE51A1143BD39000CBC635 /* NSString+UUID.h */,
				FAAE51A2143BD39000CBC635 /* NSString+UUID.m */,
			);
			path = MGTwitterEngine;
			sourceTree = "<group>";
		};
		FAAE51A3143BD39000CBC635 /* SAOAuthTwitterEngine */ = {
			isa = PBXGroup;
			children = (
				FAAE51A4143BD39000CBC635 /* SA_OAuthTwitterController.h */,
				FAAE51A5143BD39000CBC635 /* SA_OAuthTwitterController.m */,
				FAAE51A6143BD39000CBC635 /* SA_OAuthTwitterEngine.h */,
				FAAE51A7143BD39000CBC635 /* SA_OAuthTwitterEngine.m */,
				FAAE51A8143BD39000CBC635 /* twitter_load.png */,
			);
			path = SAOAuthTwitterEngine;
			sourceTree = "<group>";
		};
/* End PBXGroup section */

/* Begin PBXNativeTarget section */
		FA570AEF14297719002A285B /* TweaderTabs */ = {
			isa = PBXNativeTarget;
			buildConfigurationList = FA570B2E1429771A002A285B /* Build configuration list for PBXNativeTarget "TweaderTabs" */;
			buildPhases = (
				FA570AEC14297719002A285B /* Sources */,
				FA570AED14297719002A285B /* Frameworks */,
				FA570AEE14297719002A285B /* Resources */,
			);
			buildRules = (
			);
			dependencies = (
			);
			name = TweaderTabs;
			productName = TweaderTabs;
			productReference = FA570AF014297719002A285B /* TweaderTabs.app */;
			productType = "com.apple.product-type.application";
		};
		FA570B191429771A002A285B /* TweaderTabsTests */ = {
			isa = PBXNativeTarget;
			buildConfigurationList = FA570B311429771A002A285B /* Build configuration list for PBXNativeTarget "TweaderTabsTests" */;
			buildPhases = (
				FA570B151429771A002A285B /* Sources */,
				FA570B161429771A002A285B /* Frameworks */,
				FA570B171429771A002A285B /* Resources */,
				FA570B181429771A002A285B /* ShellScript */,
			);
			buildRules = (
			);
			dependencies = (
				FA570B211429771A002A285B /* PBXTargetDependency */,
			);
			name = TweaderTabsTests;
			productName = TweaderTabsTests;
			productReference = FA570B1A1429771A002A285B /* TweaderTabsTests.octest */;
			productType = "com.apple.product-type.bundle";
		};
/* End PBXNativeTarget section */

/* Begin PBXProject section */
		FA570AE714297719002A285B /* Project object */ = {
			isa = PBXProject;
			attributes = {
				LastUpgradeCheck = 0420;
				ORGANIZATIONNAME = "UMD HCI Lab";
			};
			buildConfigurationList = FA570AEA14297719002A285B /* Build configuration list for PBXProject "TweaderTabs" */;
			compatibilityVersion = "Xcode 3.2";
			developmentRegion = English;
			hasScannedForEncodings = 0;
			knownRegions = (
				en,
			);
			mainGroup = FA570AE514297719002A285B;
			productRefGroup = FA570AF114297719002A285B /* Products */;
			projectDirPath = "";
			projectRoot = "";
			targets = (
				FA570AEF14297719002A285B /* TweaderTabs */,
				FA570B191429771A002A285B /* TweaderTabsTests */,
			);
		};
/* End PBXProject section */

/* Begin PBXResourcesBuildPhase section */
		FA570AEE14297719002A285B /* Resources */ = {
			isa = PBXResourcesBuildPhase;
			buildActionMask = 2147483647;
			files = (
				FA570AFF14297719002A285B /* InfoPlist.strings in Resources */,
				FA570B0814297719002A285B /* MainWindow.xib in Resources */,
				FA570B111429771A002A285B /* SecondView.xib in Resources */,
				FA570B141429771A002A285B /* FirstView.xib in Resources */,
				FAAE51A9143BD39000CBC635 /* jQueryInject.txt in Resources */,
				FAAE51AA143BD39000CBC635 /* jQueryInjectLandscape.txt in Resources */,
				FAAE51BC143BD39000CBC635 /* twitter_load.png in Resources */,
				FA7D97491463AA8A00CB6117 /* Icon-Small@2x.png in Resources */,
				FA7D974A1463AA8A00CB6117 /* Icon-Small.png in Resources */,
				FA7D974B1463AA8A00CB6117 /* Icon@2x.png in Resources */,
				FA7D974C1463AA8A00CB6117 /* Icon.png in Resources */,
				FA1FA15D14855E2300A46FF6 /* RankedArticles.xib in Resources */,
				FA3EC49C148C00A800F209AD /* arrow.png in Resources */,
				FA3EC49F148C700B00F209AD /* star_unfilled_resized.png in Resources */,
				FA3EC4A0148C700B00F209AD /* star_filled_resized.png in Resources */,
				FA3EC4A2148C703200F209AD /* Aa Icon.png in Resources */,
			);
			runOnlyForDeploymentPostprocessing = 0;
		};
		FA570B171429771A002A285B /* Resources */ = {
			isa = PBXResourcesBuildPhase;
			buildActionMask = 2147483647;
			files = (
				FA570B271429771A002A285B /* InfoPlist.strings in Resources */,
				FA570B291429771A002A285B /* TweaderTabsTests.h in Resources */,
			);
			runOnlyForDeploymentPostprocessing = 0;
		};
/* End PBXResourcesBuildPhase section */

/* Begin PBXShellScriptBuildPhase section */
		FA570B181429771A002A285B /* ShellScript */ = {
			isa = PBXShellScriptBuildPhase;
			buildActionMask = 2147483647;
			files = (
			);
			inputPaths = (
			);
			outputPaths = (
			);
			runOnlyForDeploymentPostprocessing = 0;
			shellPath = /bin/sh;
			shellScript = "# Run the unit tests in this test bundle.\n\"${SYSTEM_DEVELOPER_DIR}/Tools/RunUnitTests\"\n";
		};
/* End PBXShellScriptBuildPhase section */

/* Begin PBXSourcesBuildPhase section */
		FA570AEC14297719002A285B /* Sources */ = {
			isa = PBXSourcesBuildPhase;
			buildActionMask = 2147483647;
			files = (
				FA570B0114297719002A285B /* main.m in Sources */,
				FA570B0514297719002A285B /* TweaderTabsAppDelegate.m in Sources */,
				FA570B0B14297719002A285B /* FirstViewController.m in Sources */,
				FA570B0E14297719002A285B /* SecondViewController.m in Sources */,
				FAAE51AC143BD39000CBC635 /* MGTwitterEngine.m in Sources */,
				FAAE51AD143BD39000CBC635 /* MGTwitterHTTPURLConnection.m in Sources */,
				FAAE51AE143BD39000CBC635 /* MGTwitterLibXMLParser.m in Sources */,
				FAAE51AF143BD39000CBC635 /* MGTwitterMessagesLibXMLParser.m in Sources */,
				FAAE51B0143BD39000CBC635 /* MGTwitterMessagesParser.m in Sources */,
				FAAE51B1143BD39000CBC635 /* MGTwitterMiscLibXMLParser.m in Sources */,
				FAAE51B2143BD39000CBC635 /* MGTwitterMiscParser.m in Sources */,
				FAAE51B3143BD39000CBC635 /* MGTwitterStatusesLibXMLParser.m in Sources */,
				FAAE51B4143BD39000CBC635 /* MGTwitterStatusesParser.m in Sources */,
				FAAE51B5143BD39000CBC635 /* MGTwitterUsersLibXMLParser.m in Sources */,
				FAAE51B6143BD39000CBC635 /* MGTwitterUsersParser.m in Sources */,
				FAAE51B7143BD39000CBC635 /* MGTwitterXMLParser.m in Sources */,
				FAAE51B8143BD39000CBC635 /* NSData+Base64.m in Sources */,
				FAAE51B9143BD39000CBC635 /* NSString+UUID.m in Sources */,
				FAAE51BA143BD39000CBC635 /* SA_OAuthTwitterController.m in Sources */,
				FAAE51BB143BD39000CBC635 /* SA_OAuthTwitterEngine.m in Sources */,
				FA7D97A3146CCA7C00CB6117 /* TwitCell.m in Sources */,
				FA7D97A6146CCCB200CB6117 /* myArticle.m in Sources */,
				FA1FA155147B494E00A46FF6 /* SyncObject.m in Sources */,
				FA1FA1581481D80900A46FF6 /* PullSyncObject.m in Sources */,
				FA1FA15B148557C100A46FF6 /* RankedArticlesVC.m in Sources */,
				FA623B6B1485AE300030E1CC /* NSObject+SBJson.m in Sources */,
				FA623B6C1485AE300030E1CC /* SBJsonParser.m in Sources */,
				FA623B6D1485AE300030E1CC /* SBJsonStreamParser.m in Sources */,
				FA623B6E1485AE300030E1CC /* SBJsonStreamParserAccumulator.m in Sources */,
				FA623B6F1485AE300030E1CC /* SBJsonStreamParserAdapter.m in Sources */,
				FA623B701485AE300030E1CC /* SBJsonStreamParserState.m in Sources */,
				FA623B711485AE300030E1CC /* SBJsonStreamWriter.m in Sources */,
				FA623B721485AE300030E1CC /* SBJsonStreamWriterAccumulator.m in Sources */,
				FA623B731485AE300030E1CC /* SBJsonStreamWriterState.m in Sources */,
				FA623B741485AE300030E1CC /* SBJsonTokeniser.m in Sources */,
				FA623B751485AE300030E1CC /* SBJsonUTF8Stream.m in Sources */,
				FA623B761485AE300030E1CC /* SBJsonWriter.m in Sources */,
				FAFF1C5A148830FD004F5921 /* PushSyncObject.m in Sources */,
				FA3EC49A148BFEB900F209AD /* PullRefreshTableViewController.m in Sources */,
				FA3EC4A5148C7C5000F209AD /* RankedCell.m in Sources */,
			);
			runOnlyForDeploymentPostprocessing = 0;
		};
		FA570B151429771A002A285B /* Sources */ = {
			isa = PBXSourcesBuildPhase;
			buildActionMask = 2147483647;
			files = (
				FA570B2B1429771A002A285B /* TweaderTabsTests.m in Sources */,
			);
			runOnlyForDeploymentPostprocessing = 0;
		};
/* End PBXSourcesBuildPhase section */

/* Begin PBXTargetDependency section */
		FA570B211429771A002A285B /* PBXTargetDependency */ = {
			isa = PBXTargetDependency;
			target = FA570AEF14297719002A285B /* TweaderTabs */;
			targetProxy = FA570B201429771A002A285B /* PBXContainerItemProxy */;
		};
/* End PBXTargetDependency section */

/* Begin PBXVariantGroup section */
		FA570AFD14297719002A285B /* InfoPlist.strings */ = {
			isa = PBXVariantGroup;
			children = (
				FA570AFE14297719002A285B /* en */,
			);
			name = InfoPlist.strings;
			sourceTree = "<group>";
		};
		FA570B0614297719002A285B /* MainWindow.xib */ = {
			isa = PBXVariantGroup;
			children = (
				FA570B0714297719002A285B /* en */,
			);
			name = MainWindow.xib;
			sourceTree = "<group>";
		};
		FA570B0F1429771A002A285B /* SecondView.xib */ = {
			isa = PBXVariantGroup;
			children = (
				FA570B101429771A002A285B /* en */,
			);
			name = SecondView.xib;
			sourceTree = "<group>";
		};
		FA570B121429771A002A285B /* FirstView.xib */ = {
			isa = PBXVariantGroup;
			children = (
				FA570B131429771A002A285B /* en */,
			);
			name = FirstView.xib;
			sourceTree = "<group>";
		};
		FA570B251429771A002A285B /* InfoPlist.strings */ = {
			isa = PBXVariantGroup;
			children = (
				FA570B261429771A002A285B /* en */,
			);
			name = InfoPlist.strings;
			sourceTree = "<group>";
		};
/* End PBXVariantGroup section */

/* Begin XCBuildConfiguration section */
		FA570B2C1429771A002A285B /* Debug */ = {
			isa = XCBuildConfiguration;
			buildSettings = {
				ALWAYS_SEARCH_USER_PATHS = NO;
				ARCHS = "$(ARCHS_STANDARD_32_BIT)";
				"CODE_SIGN_IDENTITY[sdk=iphoneos*]" = "iPhone Developer";
				COPY_PHASE_STRIP = NO;
				GCC_C_LANGUAGE_STANDARD = gnu99;
				GCC_DYNAMIC_NO_PIC = NO;
				GCC_OPTIMIZATION_LEVEL = 0;
				GCC_PREPROCESSOR_DEFINITIONS = (
					"DEBUG=1",
					"$(inherited)",
				);
				GCC_SYMBOLS_PRIVATE_EXTERN = NO;
				GCC_VERSION = com.apple.compilers.llvmgcc42;
				GCC_WARN_ABOUT_MISSING_PROTOTYPES = YES;
				GCC_WARN_ABOUT_RETURN_TYPE = YES;
				GCC_WARN_UNUSED_VARIABLE = YES;
				HEADER_SEARCH_PATHS = "$(SDKROOT)/usr/include/libxml2/**";
				IPHONEOS_DEPLOYMENT_TARGET = 4.3;
				SDKROOT = iphoneos;
			};
			name = Debug;
		};
		FA570B2D1429771A002A285B /* Release */ = {
			isa = XCBuildConfiguration;
			buildSettings = {
				ALWAYS_SEARCH_USER_PATHS = NO;
				ARCHS = "$(ARCHS_STANDARD_32_BIT)";
				"CODE_SIGN_IDENTITY[sdk=iphoneos*]" = "iPhone Developer";
				COPY_PHASE_STRIP = YES;
				GCC_C_LANGUAGE_STANDARD = gnu99;
				GCC_VERSION = com.apple.compilers.llvmgcc42;
				GCC_WARN_ABOUT_MISSING_PROTOTYPES = YES;
				GCC_WARN_ABOUT_RETURN_TYPE = YES;
				GCC_WARN_UNUSED_VARIABLE = YES;
				HEADER_SEARCH_PATHS = "$(SDKROOT)/usr/include/libxml2/**";
				IPHONEOS_DEPLOYMENT_TARGET = 4.3;
				OTHER_CFLAGS = "-DNS_BLOCK_ASSERTIONS=1";
				SDKROOT = iphoneos;
				VALIDATE_PRODUCT = YES;
			};
			name = Release;
		};
		FA570B2F1429771A002A285B /* Debug */ = {
			isa = XCBuildConfiguration;
			buildSettings = {
				FRAMEWORK_SEARCH_PATHS = (
					"$(inherited)",
					"\"$(SRCROOT)\"",
				);
				GCC_PRECOMPILE_PREFIX_HEADER = YES;
				GCC_PREFIX_HEADER = "TweaderTabs/TweaderTabs-Prefix.pch";
				GCC_VERSION = com.apple.compilers.llvm.clang.1_0;
				INFOPLIST_FILE = "TweaderTabs/TweaderTabs-Info.plist";
				IPHONEOS_DEPLOYMENT_TARGET = 4.3;
				LIBRARY_SEARCH_PATHS = (
					"$(inherited)",
					"\"$(SRCROOT)/Twitter+OAuth/Libraries & Headers\"",
				);
				PRODUCT_NAME = "$(TARGET_NAME)";
				TARGETED_DEVICE_FAMILY = 1;
				WRAPPER_EXTENSION = app;
			};
			name = Debug;
		};
		FA570B301429771A002A285B /* Release */ = {
			isa = XCBuildConfiguration;
			buildSettings = {
				FRAMEWORK_SEARCH_PATHS = (
					"$(inherited)",
					"\"$(SRCROOT)\"",
				);
				GCC_PRECOMPILE_PREFIX_HEADER = YES;
				GCC_PREFIX_HEADER = "TweaderTabs/TweaderTabs-Prefix.pch";
				GCC_VERSION = com.apple.compilers.llvm.clang.1_0;
				INFOPLIST_FILE = "TweaderTabs/TweaderTabs-Info.plist";
				IPHONEOS_DEPLOYMENT_TARGET = 4.3;
				LIBRARY_SEARCH_PATHS = (
					"$(inherited)",
					"\"$(SRCROOT)/Twitter+OAuth/Libraries & Headers\"",
				);
				PRODUCT_NAME = "$(TARGET_NAME)";
				TARGETED_DEVICE_FAMILY = 1;
				WRAPPER_EXTENSION = app;
			};
			name = Release;
		};
		FA570B321429771A002A285B /* Debug */ = {
			isa = XCBuildConfiguration;
			buildSettings = {
				BUNDLE_LOADER = "$(BUILT_PRODUCTS_DIR)/TweaderTabs.app/TweaderTabs";
				FRAMEWORK_SEARCH_PATHS = (
					"$(SDKROOT)/Developer/Library/Frameworks",
					"$(DEVELOPER_LIBRARY_DIR)/Frameworks",
				);
				GCC_PRECOMPILE_PREFIX_HEADER = YES;
				GCC_PREFIX_HEADER = "TweaderTabs/TweaderTabs-Prefix.pch";
				GCC_VERSION = com.apple.compilers.llvm.clang.1_0;
				INFOPLIST_FILE = "TweaderTabsTests/TweaderTabsTests-Info.plist";
				PRODUCT_NAME = "$(TARGET_NAME)";
				TEST_HOST = "$(BUNDLE_LOADER)";
				WRAPPER_EXTENSION = octest;
			};
			name = Debug;
		};
		FA570B331429771A002A285B /* Release */ = {
			isa = XCBuildConfiguration;
			buildSettings = {
				BUNDLE_LOADER = "$(BUILT_PRODUCTS_DIR)/TweaderTabs.app/TweaderTabs";
				FRAMEWORK_SEARCH_PATHS = (
					"$(SDKROOT)/Developer/Library/Frameworks",
					"$(DEVELOPER_LIBRARY_DIR)/Frameworks",
				);
				GCC_PRECOMPILE_PREFIX_HEADER = YES;
				GCC_PREFIX_HEADER = "TweaderTabs/TweaderTabs-Prefix.pch";
				GCC_VERSION = com.apple.compilers.llvm.clang.1_0;
				INFOPLIST_FILE = "TweaderTabsTests/TweaderTabsTests-Info.plist";
				PRODUCT_NAME = "$(TARGET_NAME)";
				TEST_HOST = "$(BUNDLE_LOADER)";
				WRAPPER_EXTENSION = octest;
			};
			name = Release;
		};
/* End XCBuildConfiguration section */

/* Begin XCConfigurationList section */
		FA570AEA14297719002A285B /* Build configuration list for PBXProject "TweaderTabs" */ = {
			isa = XCConfigurationList;
			buildConfigurations = (
				FA570B2C1429771A002A285B /* Debug */,
				FA570B2D1429771A002A285B /* Release */,
			);
			defaultConfigurationIsVisible = 0;
			defaultConfigurationName = Release;
		};
		FA570B2E1429771A002A285B /* Build configuration list for PBXNativeTarget "TweaderTabs" */ = {
			isa = XCConfigurationList;
			buildConfigurations = (
				FA570B2F1429771A002A285B /* Debug */,
				FA570B301429771A002A285B /* Release */,
			);
			defaultConfigurationIsVisible = 0;
			defaultConfigurationName = Release;
		};
		FA570B311429771A002A285B /* Build configuration list for PBXNativeTarget "TweaderTabsTests" */ = {
			isa = XCConfigurationList;
			buildConfigurations = (
				FA570B321429771A002A285B /* Debug */,
				FA570B331429771A002A285B /* Release */,
			);
			defaultConfigurationIsVisible = 0;
			defaultConfigurationName = Release;
		};
/* End XCConfigurationList section */
	};
	rootObject = FA570AE714297719002A285B /* Project object */;
}
